// !$*UTF8*$!
{
	archiveVersion = 1;
	classes = {
	};
	objectVersion = 77;
	objects = {

/* Begin PBXContainerItemProxy section */
		532649002DBDEDD200CC88D6 /* PBXContainerItemProxy */ = {
			isa = PBXContainerItemProxy;
			containerPortal = 532648EA2DBDEDD100CC88D6 /* Project object */;
			proxyType = 1;
			remoteGlobalIDString = 532648F12DBDEDD100CC88D6;
			remoteInfo = DailyQuotes;
		};
		5326490A2DBDEDD200CC88D6 /* PBXContainerItemProxy */ = {
			isa = PBXContainerItemProxy;
			containerPortal = 532648EA2DBDEDD100CC88D6 /* Project object */;
			proxyType = 1;
			remoteGlobalIDString = 532648F12DBDEDD100CC88D6;
			remoteInfo = DailyQuotes;
		};
/* End PBXContainerItemProxy section */

/* Begin PBXFileReference section */
		532648F22DBDEDD100CC88D6 /* DailyQuotes.app */ = {isa = PBXFileReference; explicitFileType = wrapper.application; includeInIndex = 0; path = DailyQuotes.app; sourceTree = BUILT_PRODUCTS_DIR; };
		532648FF2DBDEDD200CC88D6 /* DailyQuotesTests.xctest */ = {isa = PBXFileReference; explicitFileType = wrapper.cfbundle; includeInIndex = 0; path = DailyQuotesTests.xctest; sourceTree = BUILT_PRODUCTS_DIR; };
		532649092DBDEDD200CC88D6 /* DailyQuotesUITests.xctest */ = {isa = PBXFileReference; explicitFileType = wrapper.cfbundle; includeInIndex = 0; path = DailyQuotesUITests.xctest; sourceTree = BUILT_PRODUCTS_DIR; };
/* End PBXFileReference section */

/* Begin PBXFileSystemSynchronizedRootGroup section */
		532648F42DBDEDD100CC88D6 /* DailyQuotes */ = {
			isa = PBXFileSystemSynchronizedRootGroup;
			path = DailyQuotes;
			sourceTree = "<group>";
		};
		532649022DBDEDD200CC88D6 /* DailyQuotesTests */ = {
			isa = PBXFileSystemSynchronizedRootGroup;
			path = DailyQuotesTests;
			sourceTree = "<group>";
		};
		5326490C2DBDEDD200CC88D6 /* DailyQuotesUITests */ = {
			isa = PBXFileSystemSynchronizedRootGroup;
			path = DailyQuotesUITests;
			sourceTree = "<group>";
		};
/* End PBXFileSystemSynchronizedRootGroup section */

/* Begin PBXFrameworksBuildPhase section */
		532648EF2DBDEDD100CC88D6 /* Frameworks */ = {
			isa = PBXFrameworksBuildPhase;
			buildActionMask = 2147483647;
			files = (
			);
			runOnlyForDeploymentPostprocessing = 0;
		};
		532648FC2DBDEDD200CC88D6 /* Frameworks */ = {
			isa = PBXFrameworksBuildPhase;
			buildActionMask = 2147483647;
			files = (
			);
			runOnlyForDeploymentPostprocessing = 0;
		};
		532649062DBDEDD200CC88D6 /* Frameworks */ = {
			isa = PBXFrameworksBuildPhase;
			buildActionMask = 2147483647;
			files = (
			);
			runOnlyForDeploymentPostprocessing = 0;
		};
/* End PBXFrameworksBuildPhase section */

/* Begin PBXGroup section */
		532648E92DBDEDD100CC88D6 = {
			isa = PBXGroup;
			children = (
				532648F42DBDEDD100CC88D6 /* DailyQuotes */,
				532649022DBDEDD200CC88D6 /* DailyQuotesTests */,
				5326490C2DBDEDD200CC88D6 /* DailyQuotesUITests */,
				532648F32DBDEDD100CC88D6 /* Products */,
			);
			sourceTree = "<group>";
		};
		532648F32DBDEDD100CC88D6 /* Products */ = {
			isa = PBXGroup;
			children = (
				532648F22DBDEDD100CC88D6 /* DailyQuotes.app */,
				532648FF2DBDEDD200CC88D6 /* DailyQuotesTests.xctest */,
				532649092DBDEDD200CC88D6 /* DailyQuotesUITests.xctest */,
			);
			name = Products;
			sourceTree = "<group>";
		};
/* End PBXGroup section */

/* Begin PBXNativeTarget section */
		532648F12DBDEDD100CC88D6 /* DailyQuotes */ = {
			isa = PBXNativeTarget;
			buildConfigurationList = 532649132DBDEDD200CC88D6 /* Build configuration list for PBXNativeTarget "DailyQuotes" */;
			buildPhases = (
				532648EE2DBDEDD100CC88D6 /* Sources */,
				532648EF2DBDEDD100CC88D6 /* Frameworks */,
				532648F02DBDEDD100CC88D6 /* Resources */,
			);
			buildRules = (
			);
			dependencies = (
			);
			fileSystemSynchronizedGroups = (
				532648F42DBDEDD100CC88D6 /* DailyQuotes */,
			);
			name = DailyQuotes;
			packageProductDependencies = (
			);
			productName = DailyQuotes;
			productReference = 532648F22DBDEDD100CC88D6 /* DailyQuotes.app */;
			productType = "com.apple.product-type.application";
		};
		532648FE2DBDEDD200CC88D6 /* DailyQuotesTests */ = {
			isa = PBXNativeTarget;
			buildConfigurationList = 532649162DBDEDD200CC88D6 /* Build configuration list for PBXNativeTarget "DailyQuotesTests" */;
			buildPhases = (
				532648FB2DBDEDD200CC88D6 /* Sources */,
				532648FC2DBDEDD200CC88D6 /* Frameworks */,
				532648FD2DBDEDD200CC88D6 /* Resources */,
			);
			buildRules = (
			);
			dependencies = (
				532649012DBDEDD200CC88D6 /* PBXTargetDependency */,
			);
			fileSystemSynchronizedGroups = (
				532649022DBDEDD200CC88D6 /* DailyQuotesTests */,
			);
			name = DailyQuotesTests;
			packageProductDependencies = (
			);
			productName = DailyQuotesTests;
			productReference = 532648FF2DBDEDD200CC88D6 /* DailyQuotesTests.xctest */;
			productType = "com.apple.product-type.bundle.unit-test";
		};
		532649082DBDEDD200CC88D6 /* DailyQuotesUITests */ = {
			isa = PBXNativeTarget;
			buildConfigurationList = 532649192DBDEDD200CC88D6 /* Build configuration list for PBXNativeTarget "DailyQuotesUITests" */;
			buildPhases = (
				532649052DBDEDD200CC88D6 /* Sources */,
				532649062DBDEDD200CC88D6 /* Frameworks */,
				532649072DBDEDD200CC88D6 /* Resources */,
			);
			buildRules = (
			);
			dependencies = (
				5326490B2DBDEDD200CC88D6 /* PBXTargetDependency */,
			);
			fileSystemSynchronizedGroups = (
				5326490C2DBDEDD200CC88D6 /* DailyQuotesUITests */,
			);
			name = DailyQuotesUITests;
			packageProductDependencies = (
			);
			productName = DailyQuotesUITests;
			productReference = 532649092DBDEDD200CC88D6 /* DailyQuotesUITests.xctest */;
			productType = "com.apple.product-type.bundle.ui-testing";
		};
/* End PBXNativeTarget section */

/* Begin PBXProject section */
		532648EA2DBDEDD100CC88D6 /* Project object */ = {
			isa = PBXProject;
			attributes = {
				BuildIndependentTargetsInParallel = 1;
				LastSwiftUpdateCheck = 1630;
				LastUpgradeCheck = 1630;
				TargetAttributes = {
					532648F12DBDEDD100CC88D6 = {
						CreatedOnToolsVersion = 16.3;
					};
					532648FE2DBDEDD200CC88D6 = {
						CreatedOnToolsVersion = 16.3;
						TestTargetID = 532648F12DBDEDD100CC88D6;
					};
					532649082DBDEDD200CC88D6 = {
						CreatedOnToolsVersion = 16.3;
						TestTargetID = 532648F12DBDEDD100CC88D6;
					};
				};
			};
			buildConfigurationList = 532648ED2DBDEDD100CC88D6 /* Build configuration list for PBXProject "DailyQuotes" */;
			developmentRegion = en;
			hasScannedForEncodings = 0;
			knownRegions = (
				en,
				Base,
			);
			mainGroup = 532648E92DBDEDD100CC88D6;
			minimizedProjectReferenceProxies = 1;
			preferredProjectObjectVersion = 77;
			productRefGroup = 532648F32DBDEDD100CC88D6 /* Products */;
			projectDirPath = "";
			projectRoot = "";
			targets = (
				532648F12DBDEDD100CC88D6 /* DailyQuotes */,
				532648FE2DBDEDD200CC88D6 /* DailyQuotesTests */,
				532649082DBDEDD200CC88D6 /* DailyQuotesUITests */,
			);
		};
/* End PBXProject section */

/* Begin PBXResourcesBuildPhase section */
		532648F02DBDEDD100CC88D6 /* Resources */ = {
			isa = PBXResourcesBuildPhase;
			buildActionMask = 2147483647;
			files = (
			);
			runOnlyForDeploymentPostprocessing = 0;
		};
		532648FD2DBDEDD200CC88D6 /* Resources */ = {
			isa = PBXResourcesBuildPhase;
			buildActionMask = 2147483647;
			files = (
			);
			runOnlyForDeploymentPostprocessing = 0;
		};
		532649072DBDEDD200CC88D6 /* Resources */ = {
			isa = PBXResourcesBuildPhase;
			buildActionMask = 2147483647;
			files = (
			);
			runOnlyForDeploymentPostprocessing = 0;
		};
/* End PBXResourcesBuildPhase section */

/* Begin PBXSourcesBuildPhase section */
		532648EE2DBDEDD100CC88D6 /* Sources */ = {
			isa = PBXSourcesBuildPhase;
			buildActionMask = 2147483647;
			files = (
			);
			runOnlyForDeploymentPostprocessing = 0;
		};
		532648FB2DBDEDD200CC88D6 /* Sources */ = {
			isa = PBXSourcesBuildPhase;
			buildActionMask = 2147483647;
			files = (
			);
			runOnlyForDeploymentPostprocessing = 0;
		};
		532649052DBDEDD200CC88D6 /* Sources */ = {
			isa = PBXSourcesBuildPhase;
			buildActionMask = 2147483647;
			files = (
			);
			runOnlyForDeploymentPostprocessing = 0;
		};
/* End PBXSourcesBuildPhase section */

/* Begin PBXTargetDependency section */
		532649012DBDEDD200CC88D6 /* PBXTargetDependency */ = {
			isa = PBXTargetDependency;
			target = 532648F12DBDEDD100CC88D6 /* DailyQuotes */;
			targetProxy = 532649002DBDEDD200CC88D6 /* PBXContainerItemProxy */;
		};
		5326490B2DBDEDD200CC88D6 /* PBXTargetDependency */ = {
			isa = PBXTargetDependency;
			target = 532648F12DBDEDD100CC88D6 /* DailyQuotes */;
			targetProxy = 5326490A2DBDEDD200CC88D6 /* PBXContainerItemProxy */;
		};
/* End PBXTargetDependency section */

/* Begin XCBuildConfiguration section */
		532649112DBDEDD200CC88D6 /* Debug */ = {
			isa = XCBuildConfiguration;
			buildSettings = {
				ALWAYS_SEARCH_USER_PATHS = NO;
				ASSETCATALOG_COMPILER_GENERATE_SWIFT_ASSET_SYMBOL_EXTENSIONS = YES;
				CLANG_ANALYZER_NONNULL = YES;
				CLANG_ANALYZER_NUMBER_OBJECT_CONVERSION = YES_AGGRESSIVE;
				CLANG_CXX_LANGUAGE_STANDARD = "gnu++20";
				CLANG_ENABLE_MODULES = YES;
				CLANG_ENABLE_OBJC_ARC = YES;
				CLANG_ENABLE_OBJC_WEAK = YES;
				CLANG_WARN_BLOCK_CAPTURE_AUTORELEASING = YES;
				CLANG_WARN_BOOL_CONVERSION = YES;
				CLANG_WARN_COMMA = YES;
				CLANG_WARN_CONSTANT_CONVERSION = YES;
				CLANG_WARN_DEPRECATED_OBJC_IMPLEMENTATIONS = YES;
				CLANG_WARN_DIRECT_OBJC_ISA_USAGE = YES_ERROR;
				CLANG_WARN_DOCUMENTATION_COMMENTS = YES;
				CLANG_WARN_EMPTY_BODY = YES;
				CLANG_WARN_ENUM_CONVERSION = YES;
				CLANG_WARN_INFINITE_RECURSION = YES;
				CLANG_WARN_INT_CONVERSION = YES;
				CLANG_WARN_NON_LITERAL_NULL_CONVERSION = YES;
				CLANG_WARN_OBJC_IMPLICIT_RETAIN_SELF = YES;
				CLANG_WARN_OBJC_LITERAL_CONVERSION = YES;
				CLANG_WARN_OBJC_ROOT_CLASS = YES_ERROR;
				CLANG_WARN_QUOTED_INCLUDE_IN_FRAMEWORK_HEADER = YES;
				CLANG_WARN_RANGE_LOOP_ANALYSIS = YES;
				CLANG_WARN_STRICT_PROTOTYPES = YES;
				CLANG_WARN_SUSPICIOUS_MOVE = YES;
				CLANG_WARN_UNGUARDED_AVAILABILITY = YES_AGGRESSIVE;
				CLANG_WARN_UNREACHABLE_CODE = YES;
				CLANG_WARN__DUPLICATE_METHOD_MATCH = YES;
				COPY_PHASE_STRIP = NO;
				DEBUG_INFORMATION_FORMAT = dwarf;
				DEVELOPMENT_TEAM = YNMA6JTS5S;
				ENABLE_STRICT_OBJC_MSGSEND = YES;
				ENABLE_TESTABILITY = YES;
				ENABLE_USER_SCRIPT_SANDBOXING = YES;
				GCC_C_LANGUAGE_STANDARD = gnu17;
				GCC_DYNAMIC_NO_PIC = NO;
				GCC_NO_COMMON_BLOCKS = YES;
				GCC_OPTIMIZATION_LEVEL = 0;
				GCC_PREPROCESSOR_DEFINITIONS = (
					"DEBUG=1",
					"$(inherited)",
				);
				GCC_WARN_64_TO_32_BIT_CONVERSION = YES;
				GCC_WARN_ABOUT_RETURN_TYPE = YES_ERROR;
				GCC_WARN_UNDECLARED_SELECTOR = YES;
				GCC_WARN_UNINITIALIZED_AUTOS = YES_AGGRESSIVE;
				GCC_WARN_UNUSED_FUNCTION = YES;
				GCC_WARN_UNUSED_VARIABLE = YES;
				IPHONEOS_DEPLOYMENT_TARGET = 18.4;
				LOCALIZATION_PREFERS_STRING_CATALOGS = YES;
				MTL_ENABLE_DEBUG_INFO = INCLUDE_SOURCE;
				MTL_FAST_MATH = YES;
				ONLY_ACTIVE_ARCH = YES;
				SDKROOT = iphoneos;
				SWIFT_ACTIVE_COMPILATION_CONDITIONS = "DEBUG $(inherited)";
				SWIFT_OPTIMIZATION_LEVEL = "-Onone";
			};
			name = Debug;
		};
		532649122DBDEDD200CC88D6 /* Release */ = {
			isa = XCBuildConfiguration;
			buildSettings = {
				ALWAYS_SEARCH_USER_PATHS = NO;
				ASSETCATALOG_COMPILER_GENERATE_SWIFT_ASSET_SYMBOL_EXTENSIONS = YES;
				CLANG_ANALYZER_NONNULL = YES;
				CLANG_ANALYZER_NUMBER_OBJECT_CONVERSION = YES_AGGRESSIVE;
				CLANG_CXX_LANGUAGE_STANDARD = "gnu++20";
				CLANG_ENABLE_MODULES = YES;
				CLANG_ENABLE_OBJC_ARC = YES;
				CLANG_ENABLE_OBJC_WEAK = YES;
				CLANG_WARN_BLOCK_CAPTURE_AUTORELEASING = YES;
				CLANG_WARN_BOOL_CONVERSION = YES;
				CLANG_WARN_COMMA = YES;
				CLANG_WARN_CONSTANT_CONVERSION = YES;
				CLANG_WARN_DEPRECATED_OBJC_IMPLEMENTATIONS = YES;
				CLANG_WARN_DIRECT_OBJC_ISA_USAGE = YES_ERROR;
				CLANG_WARN_DOCUMENTATION_COMMENTS = YES;
				CLANG_WARN_EMPTY_BODY = YES;
				CLANG_WARN_ENUM_CONVERSION = YES;
				CLANG_WARN_INFINITE_RECURSION = YES;
				CLANG_WARN_INT_CONVERSION = YES;
				CLANG_WARN_NON_LITERAL_NULL_CONVERSION = YES;
				CLANG_WARN_OBJC_IMPLICIT_RETAIN_SELF = YES;
				CLANG_WARN_OBJC_LITERAL_CONVERSION = YES;
				CLANG_WARN_OBJC_ROOT_CLASS = YES_ERROR;
				CLANG_WARN_QUOTED_INCLUDE_IN_FRAMEWORK_HEADER = YES;
				CLANG_WARN_RANGE_LOOP_ANALYSIS = YES;
				CLANG_WARN_STRICT_PROTOTYPES = YES;
				CLANG_WARN_SUSPICIOUS_MOVE = YES;
				CLANG_WARN_UNGUARDED_AVAILABILITY = YES_AGGRESSIVE;
				CLANG_WARN_UNREACHABLE_CODE = YES;
				CLANG_WARN__DUPLICATE_METHOD_MATCH = YES;
				COPY_PHASE_STRIP = NO;
				DEBUG_INFORMATION_FORMAT = "dwarf-with-dsym";
				DEVELOPMENT_TEAM = YNMA6JTS5S;
				ENABLE_NS_ASSERTIONS = NO;
				ENABLE_STRICT_OBJC_MSGSEND = YES;
				ENABLE_USER_SCRIPT_SANDBOXING = YES;
				GCC_C_LANGUAGE_STANDARD = gnu17;
				GCC_NO_COMMON_BLOCKS = YES;
				GCC_WARN_64_TO_32_BIT_CONVERSION = YES;
				GCC_WARN_ABOUT_RETURN_TYPE = YES_ERROR;
				GCC_WARN_UNDECLARED_SELECTOR = YES;
				GCC_WARN_UNINITIALIZED_AUTOS = YES_AGGRESSIVE;
				GCC_WARN_UNUSED_FUNCTION = YES;
				GCC_WARN_UNUSED_VARIABLE = YES;
				IPHONEOS_DEPLOYMENT_TARGET = 18.4;
				LOCALIZATION_PREFERS_STRING_CATALOGS = YES;
				MTL_ENABLE_DEBUG_INFO = NO;
				MTL_FAST_MATH = YES;
				SDKROOT = iphoneos;
				SWIFT_COMPILATION_MODE = wholemodule;
				VALIDATE_PRODUCT = YES;
			};
			name = Release;
		};
		532649142DBDEDD200CC88D6 /* Debug */ = {
			isa = XCBuildConfiguration;
			buildSettings = {
				ASSETCATALOG_COMPILER_APPICON_NAME = AppIcon;
				ASSETCATALOG_COMPILER_GLOBAL_ACCENT_COLOR_NAME = AccentColor;
				CODE_SIGN_STYLE = Automatic;
				CURRENT_PROJECT_VERSION = 1;
				DEVELOPMENT_TEAM = YNMA6JTS5S;
				ENABLE_PREVIEWS = YES;
				GENERATE_INFOPLIST_FILE = YES;
				INFOPLIST_KEY_UIApplicationSceneManifest_Generation = YES;
				INFOPLIST_KEY_UIApplicationSupportsIndirectInputEvents = YES;
				INFOPLIST_KEY_UILaunchScreen_Generation = YES;
				INFOPLIST_KEY_UISupportedInterfaceOrientations_iPad = "UIInterfaceOrientationPortrait UIInterfaceOrientationPortraitUpsideDown UIInterfaceOrientationLandscapeLeft UIInterfaceOrientationLandscapeRight";
				INFOPLIST_KEY_UISupportedInterfaceOrientations_iPhone = "UIInterfaceOrientationPortrait UIInterfaceOrientationLandscapeLeft UIInterfaceOrientationLandscapeRight";
				LD_RUNPATH_SEARCH_PATHS = (
					"$(inherited)",
					"@executable_path/Frameworks",
				);
				MARKETING_VERSION = 1.0;
				PRODUCT_BUNDLE_IDENTIFIER = com.uofarizona.372final.DailyQuotes;
				PRODUCT_NAME = "$(TARGET_NAME)";
				SWIFT_EMIT_LOC_STRINGS = YES;
				SWIFT_VERSION = 5.0;
				TARGETED_DEVICE_FAMILY = "1,2";
			};
			name = Debug;
		};
		532649152DBDEDD200CC88D6 /* Release */ = {
			isa = XCBuildConfiguration;
			buildSettings = {
				ASSETCATALOG_COMPILER_APPICON_NAME = AppIcon;
				ASSETCATALOG_COMPILER_GLOBAL_ACCENT_COLOR_NAME = AccentColor;
				CODE_SIGN_STYLE = Automatic;
				CURRENT_PROJECT_VERSION = 1;
				DEVELOPMENT_TEAM = YNMA6JTS5S;
				ENABLE_PREVIEWS = YES;
				GENERATE_INFOPLIST_FILE = YES;
				INFOPLIST_KEY_UIApplicationSceneManifest_Generation = YES;
				INFOPLIST_KEY_UIApplicationSupportsIndirectInputEvents = YES;
				INFOPLIST_KEY_UILaunchScreen_Generation = YES;
				INFOPLIST_KEY_UISupportedInterfaceOrientations_iPad = "UIInterfaceOrientationPortrait UIInterfaceOrientationPortraitUpsideDown UIInterfaceOrientationLandscapeLeft UIInterfaceOrientationLandscapeRight";
				INFOPLIST_KEY_UISupportedInterfaceOrientations_iPhone = "UIInterfaceOrientationPortrait UIInterfaceOrientationLandscapeLeft UIInterfaceOrientationLandscapeRight";
				LD_RUNPATH_SEARCH_PATHS = (
					"$(inherited)",
					"@executable_path/Frameworks",
				);
				MARKETING_VERSION = 1.0;
				PRODUCT_BUNDLE_IDENTIFIER = com.uofarizona.372final.DailyQuotes;
				PRODUCT_NAME = "$(TARGET_NAME)";
				SWIFT_EMIT_LOC_STRINGS = YES;
				SWIFT_VERSION = 5.0;
				TARGETED_DEVICE_FAMILY = "1,2";
			};
			name = Release;
		};
		532649172DBDEDD200CC88D6 /* Debug */ = {
			isa = XCBuildConfiguration;
			buildSettings = {
				BUNDLE_LOADER = "$(TEST_HOST)";
				CODE_SIGN_STYLE = Automatic;
				CURRENT_PROJECT_VERSION = 1;
				DEVELOPMENT_TEAM = YNMA6JTS5S;
				GENERATE_INFOPLIST_FILE = YES;
				IPHONEOS_DEPLOYMENT_TARGET = 18.4;
				MARKETING_VERSION = 1.0;
				PRODUCT_BUNDLE_IDENTIFIER = com.uofarizona.372final.DailyQuotesTests;
				PRODUCT_NAME = "$(TARGET_NAME)";
				SWIFT_EMIT_LOC_STRINGS = NO;
				SWIFT_VERSION = 5.0;
				TARGETED_DEVICE_FAMILY = "1,2";
				TEST_HOST = "$(BUILT_PRODUCTS_DIR)/DailyQuotes.app/$(BUNDLE_EXECUTABLE_FOLDER_PATH)/DailyQuotes";
			};
			name = Debug;
		};
		532649182DBDEDD200CC88D6 /* Release */ = {
			isa = XCBuildConfiguration;
			buildSettings = {
				BUNDLE_LOADER = "$(TEST_HOST)";
				CODE_SIGN_STYLE = Automatic;
				CURRENT_PROJECT_VERSION = 1;
				DEVELOPMENT_TEAM = YNMA6JTS5S;
				GENERATE_INFOPLIST_FILE = YES;
				IPHONEOS_DEPLOYMENT_TARGET = 18.4;
				MARKETING_VERSION = 1.0;
				PRODUCT_BUNDLE_IDENTIFIER = com.uofarizona.372final.DailyQuotesTests;
				PRODUCT_NAME = "$(TARGET_NAME)";
				SWIFT_EMIT_LOC_STRINGS = NO;
				SWIFT_VERSION = 5.0;
				TARGETED_DEVICE_FAMILY = "1,2";
				TEST_HOST = "$(BUILT_PRODUCTS_DIR)/DailyQuotes.app/$(BUNDLE_EXECUTABLE_FOLDER_PATH)/DailyQuotes";
			};
			name = Release;
		};
		5326491A2DBDEDD200CC88D6 /* Debug */ = {
			isa = XCBuildConfiguration;
			buildSettings = {
				CODE_SIGN_STYLE = Automatic;
				CURRENT_PROJECT_VERSION = 1;
				DEVELOPMENT_TEAM = YNMA6JTS5S;
				GENERATE_INFOPLIST_FILE = YES;
				MARKETING_VERSION = 1.0;
				PRODUCT_BUNDLE_IDENTIFIER = com.uofarizona.372final.DailyQuotesUITests;
				PRODUCT_NAME = "$(TARGET_NAME)";
				SWIFT_EMIT_LOC_STRINGS = NO;
				SWIFT_VERSION = 5.0;
				TARGETED_DEVICE_FAMILY = "1,2";
				TEST_TARGET_NAME = DailyQuotes;
			};
			name = Debug;
		};
		5326491B2DBDEDD200CC88D6 /* Release */ = {
			isa = XCBuildConfiguration;
			buildSettings = {
				CODE_SIGN_STYLE = Automatic;
				CURRENT_PROJECT_VERSION = 1;
				DEVELOPMENT_TEAM = YNMA6JTS5S;
				GENERATE_INFOPLIST_FILE = YES;
				MARKETING_VERSION = 1.0;
				PRODUCT_BUNDLE_IDENTIFIER = com.uofarizona.372final.DailyQuotesUITests;
				PRODUCT_NAME = "$(TARGET_NAME)";
				SWIFT_EMIT_LOC_STRINGS = NO;
				SWIFT_VERSION = 5.0;
				TARGETED_DEVICE_FAMILY = "1,2";
				TEST_TARGET_NAME = DailyQuotes;
			};
			name = Release;
		};
/* End XCBuildConfiguration section */

/* Begin XCConfigurationList section */
		532648ED2DBDEDD100CC88D6 /* Build configuration list for PBXProject "DailyQuotes" */ = {
			isa = XCConfigurationList;
			buildConfigurations = (
				532649112DBDEDD200CC88D6 /* Debug */,
				532649122DBDEDD200CC88D6 /* Release */,
			);
			defaultConfigurationIsVisible = 0;
			defaultConfigurationName = Release;
		};
		532649132DBDEDD200CC88D6 /* Build configuration list for PBXNativeTarget "DailyQuotes" */ = {
			isa = XCConfigurationList;
			buildConfigurations = (
				532649142DBDEDD200CC88D6 /* Debug */,
				532649152DBDEDD200CC88D6 /* Release */,
			);
			defaultConfigurationIsVisible = 0;
			defaultConfigurationName = Release;
		};
		532649162DBDEDD200CC88D6 /* Build configuration list for PBXNativeTarget "DailyQuotesTests" */ = {
			isa = XCConfigurationList;
			buildConfigurations = (
				532649172DBDEDD200CC88D6 /* Debug */,
				532649182DBDEDD200CC88D6 /* Release */,
			);
			defaultConfigurationIsVisible = 0;
			defaultConfigurationName = Release;
		};
		532649192DBDEDD200CC88D6 /* Build configuration list for PBXNativeTarget "DailyQuotesUITests" */ = {
			isa = XCConfigurationList;
			buildConfigurations = (
				5326491A2DBDEDD200CC88D6 /* Debug */,
				5326491B2DBDEDD200CC88D6 /* Release */,
			);
			defaultConfigurationIsVisible = 0;
			defaultConfigurationName = Release;
		};
/* End XCConfigurationList section */
	};
	rootObject = 532648EA2DBDEDD100CC88D6 /* Project object */;
}
